// !$*UTF8*$!
{
	archiveVersion = 1;
	classes = {
	};
	objectVersion = 55;
	objects = {

/* Begin PBXBuildFile section */
		06C1DCBFB5E0DB536836B6FA /* ContentView.swift in Sources */ = {isa = PBXBuildFile; fileRef = 3263779887EAB0F693738089 /* ContentView.swift */; };
		0A1F8E72FA8D189E4AC50990 /* EngineCoreC.framework in Frameworks */ = {isa = PBXBuildFile; fileRef = 0F43D8EF58A083506070C2E8 /* EngineCoreC.framework */; };
		20A374289D96633128A0248D /* Assets.xcassets in Resources */ = {isa = PBXBuildFile; fileRef = 7E43C7C433C36E51AA351ECE /* Assets.xcassets */; };
		29CD13FB5AA083491C2BC43D /* EngineCore.framework in Frameworks */ = {isa = PBXBuildFile; fileRef = B49FA56E7AFEE815E049CB4C /* EngineCore.framework */; };
		5964CA9FB7FBBF216D83DC2A /* TestEngineAppApp.swift in Sources */ = {isa = PBXBuildFile; fileRef = BB8AA5CAD208B56918A2F7F3 /* TestEngineAppApp.swift */; };
		6ACAE880498594C40CBC603D /* TuistAssets+TestEngineApp.swift in Sources */ = {isa = PBXBuildFile; fileRef = 4CD6B6757104D2C060FB99CC /* TuistAssets+TestEngineApp.swift */; };
		9D220AFDA23F0C1578D4669F /* TuistBundle+TestEngineApp.swift in Sources */ = {isa = PBXBuildFile; fileRef = 7D5D339F9E77BA5E5A5C933E /* TuistBundle+TestEngineApp.swift */; };
		AF313AB6A16715A4B90ED428 /* Engine.framework in Frameworks */ = {isa = PBXBuildFile; fileRef = 8F8C0C8F7D7EA5FA95CDDFEF /* Engine.framework */; };
/* End PBXBuildFile section */

/* Begin PBXCopyFilesBuildPhase section */
		143D922BB75F519CAA934AB3 /* Embed Frameworks */ = {
			isa = PBXCopyFilesBuildPhase;
			buildActionMask = 2147483647;
			dstPath = "";
			dstSubfolderSpec = 10;
			files = (
			);
			name = "Embed Frameworks";
			runOnlyForDeploymentPostprocessing = 0;
		};
/* End PBXCopyFilesBuildPhase section */

/* Begin PBXFileReference section */
		0F43D8EF58A083506070C2E8 /* EngineCoreC.framework */ = {isa = PBXFileReference; explicitFileType = wrapper.framework; includeInIndex = 0; path = EngineCoreC.framework; sourceTree = BUILT_PRODUCTS_DIR; };
		3263779887EAB0F693738089 /* ContentView.swift */ = {isa = PBXFileReference; lastKnownFileType = sourcecode.swift; path = ContentView.swift; sourceTree = "<group>"; };
		4CD6B6757104D2C060FB99CC /* TuistAssets+TestEngineApp.swift */ = {isa = PBXFileReference; lastKnownFileType = sourcecode.swift; path = "TuistAssets+TestEngineApp.swift"; sourceTree = "<group>"; };
		7D5D339F9E77BA5E5A5C933E /* TuistBundle+TestEngineApp.swift */ = {isa = PBXFileReference; lastKnownFileType = sourcecode.swift; path = "TuistBundle+TestEngineApp.swift"; sourceTree = "<group>"; };
		7E43C7C433C36E51AA351ECE /* Assets.xcassets */ = {isa = PBXFileReference; lastKnownFileType = folder.assetcatalog; path = Assets.xcassets; sourceTree = "<group>"; };
		8F8C0C8F7D7EA5FA95CDDFEF /* Engine.framework */ = {isa = PBXFileReference; explicitFileType = wrapper.framework; includeInIndex = 0; path = Engine.framework; sourceTree = BUILT_PRODUCTS_DIR; };
		B49FA56E7AFEE815E049CB4C /* EngineCore.framework */ = {isa = PBXFileReference; explicitFileType = wrapper.framework; includeInIndex = 0; path = EngineCore.framework; sourceTree = BUILT_PRODUCTS_DIR; };
		BB8AA5CAD208B56918A2F7F3 /* TestEngineAppApp.swift */ = {isa = PBXFileReference; lastKnownFileType = sourcecode.swift; path = TestEngineAppApp.swift; sourceTree = "<group>"; };
		D70E1421D83D530C4422A6B2 /* TestEngineApp-Info.plist */ = {isa = PBXFileReference; lastKnownFileType = text.plist; path = "TestEngineApp-Info.plist"; sourceTree = "<group>"; };
		E1F11002C20124ECF117B7E6 /* TestEngineApp.app */ = {isa = PBXFileReference; explicitFileType = wrapper.application; includeInIndex = 0; path = TestEngineApp.app; sourceTree = BUILT_PRODUCTS_DIR; };
/* End PBXFileReference section */

/* Begin PBXFrameworksBuildPhase section */
		62DD4FCD8B906B60C2F60C81 /* Frameworks */ = {
			isa = PBXFrameworksBuildPhase;
			buildActionMask = 2147483647;
			files = (
				AF313AB6A16715A4B90ED428 /* Engine.framework in Frameworks */,
				29CD13FB5AA083491C2BC43D /* EngineCore.framework in Frameworks */,
				0A1F8E72FA8D189E4AC50990 /* EngineCoreC.framework in Frameworks */,
			);
			runOnlyForDeploymentPostprocessing = 0;
		};
/* End PBXFrameworksBuildPhase section */

/* Begin PBXGroup section */
		0E8678C164F638E81DA8002B /* Sources */ = {
			isa = PBXGroup;
			children = (
				4CD6B6757104D2C060FB99CC /* TuistAssets+TestEngineApp.swift */,
				7D5D339F9E77BA5E5A5C933E /* TuistBundle+TestEngineApp.swift */,
			);
			path = Sources;
			sourceTree = "<group>";
		};
		4A25F7A7213151400679992F /* Derived */ = {
			isa = PBXGroup;
			children = (
				681AAAE38A4CFA71CB05CB47 /* InfoPlists */,
				0E8678C164F638E81DA8002B /* Sources */,
			);
			path = Derived;
			sourceTree = "<group>";
		};
		65286D11F86B0361893E31B8 /* Products */ = {
			isa = PBXGroup;
			children = (
				8F8C0C8F7D7EA5FA95CDDFEF /* Engine.framework */,
				B49FA56E7AFEE815E049CB4C /* EngineCore.framework */,
				0F43D8EF58A083506070C2E8 /* EngineCoreC.framework */,
				E1F11002C20124ECF117B7E6 /* TestEngineApp.app */,
			);
			name = Products;
			sourceTree = "<group>";
		};
		681AAAE38A4CFA71CB05CB47 /* InfoPlists */ = {
			isa = PBXGroup;
			children = (
				D70E1421D83D530C4422A6B2 /* TestEngineApp-Info.plist */,
			);
			path = InfoPlists;
			sourceTree = "<group>";
		};
		C97649C811FF1C5E2420DAA6 /* TestEngineApp */ = {
			isa = PBXGroup;
			children = (
				7E43C7C433C36E51AA351ECE /* Assets.xcassets */,
				3263779887EAB0F693738089 /* ContentView.swift */,
				BB8AA5CAD208B56918A2F7F3 /* TestEngineAppApp.swift */,
			);
			path = TestEngineApp;
			sourceTree = "<group>";
		};
		D1E387421CE6CE40AF2F81CA /* Project */ = {
			isa = PBXGroup;
			children = (
				4A25F7A7213151400679992F /* Derived */,
				C97649C811FF1C5E2420DAA6 /* TestEngineApp */,
			);
			name = Project;
			sourceTree = "<group>";
		};
		E2D022003C69EF38473A1D20 = {
			isa = PBXGroup;
			children = (
				65286D11F86B0361893E31B8 /* Products */,
				D1E387421CE6CE40AF2F81CA /* Project */,
			);
			sourceTree = "<group>";
		};
/* End PBXGroup section */

/* Begin PBXNativeTarget section */
		0CB388FE5F17D9AF581AB1D4 /* TestEngineApp */ = {
			isa = PBXNativeTarget;
			buildConfigurationList = D3B4A803F630439BE6E94A2A /* Build configuration list for PBXNativeTarget "TestEngineApp" */;
			buildPhases = (
				7EDDE343237C2834B154B8E9 /* Sources */,
				83582CD23F52BB3D94AF8C12 /* Resources */,
				62DD4FCD8B906B60C2F60C81 /* Frameworks */,
				143D922BB75F519CAA934AB3 /* Embed Frameworks */,
			);
			buildRules = (
			);
			dependencies = (
			);
			name = TestEngineApp;
			packageProductDependencies = (
			);
			productName = TestEngineApp;
			productReference = E1F11002C20124ECF117B7E6 /* TestEngineApp.app */;
			productType = "com.apple.product-type.application";
		};
/* End PBXNativeTarget section */

/* Begin PBXProject section */
		A093CA94440408A69E8816C9 /* Project object */ = {
			isa = PBXProject;
			attributes = {
				BuildIndependentTargetsInParallel = YES;
				TargetAttributes = {
				};
			};
			buildConfigurationList = 7BF9DE4B69062A234BF641F3 /* Build configuration list for PBXProject "TestEngineApp" */;
			compatibilityVersion = "Xcode 14.0";
			developmentRegion = en;
			hasScannedForEncodings = 0;
			knownRegions = (
				Base,
				en,
			);
			mainGroup = E2D022003C69EF38473A1D20;
			productRefGroup = 65286D11F86B0361893E31B8 /* Products */;
			projectDirPath = "";
			projectRoot = "";
			targets = (
				0CB388FE5F17D9AF581AB1D4 /* TestEngineApp */,
			);
		};
/* End PBXProject section */

/* Begin PBXResourcesBuildPhase section */
		83582CD23F52BB3D94AF8C12 /* Resources */ = {
			isa = PBXResourcesBuildPhase;
			buildActionMask = 2147483647;
			files = (
				20A374289D96633128A0248D /* Assets.xcassets in Resources */,
			);
			runOnlyForDeploymentPostprocessing = 0;
		};
/* End PBXResourcesBuildPhase section */

/* Begin PBXSourcesBuildPhase section */
		7EDDE343237C2834B154B8E9 /* Sources */ = {
			isa = PBXSourcesBuildPhase;
			buildActionMask = 2147483647;
			files = (
				6ACAE880498594C40CBC603D /* TuistAssets+TestEngineApp.swift in Sources */,
				9D220AFDA23F0C1578D4669F /* TuistBundle+TestEngineApp.swift in Sources */,
				06C1DCBFB5E0DB536836B6FA /* ContentView.swift in Sources */,
				5964CA9FB7FBBF216D83DC2A /* TestEngineAppApp.swift in Sources */,
			);
			runOnlyForDeploymentPostprocessing = 0;
		};
/* End PBXSourcesBuildPhase section */

/* Begin XCBuildConfiguration section */
		11CDE000A3B354A91C72AC89 /* Release */ = {
			isa = XCBuildConfiguration;
			buildSettings = {
				ALWAYS_SEARCH_USER_PATHS = NO;
				CLANG_ANALYZER_LOCALIZABILITY_NONLOCALIZED = YES;
				CLANG_ANALYZER_NONNULL = YES;
				CLANG_ANALYZER_NUMBER_OBJECT_CONVERSION = YES_AGGRESSIVE;
				CLANG_CXX_LANGUAGE_STANDARD = "gnu++14";
				CLANG_CXX_LIBRARY = "libc++";
				CLANG_ENABLE_MODULES = YES;
				CLANG_ENABLE_OBJC_ARC = YES;
				CLANG_ENABLE_OBJC_WEAK = YES;
				CLANG_WARN_BLOCK_CAPTURE_AUTORELEASING = YES;
				CLANG_WARN_BOOL_CONVERSION = YES;
				CLANG_WARN_COMMA = YES;
				CLANG_WARN_CONSTANT_CONVERSION = YES;
				CLANG_WARN_DEPRECATED_OBJC_IMPLEMENTATIONS = YES;
				CLANG_WARN_DIRECT_OBJC_ISA_USAGE = YES_ERROR;
				CLANG_WARN_DOCUMENTATION_COMMENTS = YES;
				CLANG_WARN_EMPTY_BODY = YES;
				CLANG_WARN_ENUM_CONVERSION = YES;
				CLANG_WARN_INFINITE_RECURSION = YES;
				CLANG_WARN_INT_CONVERSION = YES;
				CLANG_WARN_NON_LITERAL_NULL_CONVERSION = YES;
				CLANG_WARN_OBJC_IMPLICIT_RETAIN_SELF = YES;
				CLANG_WARN_OBJC_LITERAL_CONVERSION = YES;
				CLANG_WARN_OBJC_ROOT_CLASS = YES_ERROR;
				CLANG_WARN_QUOTED_INCLUDE_IN_FRAMEWORK_HEADER = YES;
				CLANG_WARN_RANGE_LOOP_ANALYSIS = YES;
				CLANG_WARN_STRICT_PROTOTYPES = YES;
				CLANG_WARN_SUSPICIOUS_MOVE = YES;
				CLANG_WARN_UNGUARDED_AVAILABILITY = YES_AGGRESSIVE;
				CLANG_WARN_UNREACHABLE_CODE = YES;
				CLANG_WARN__DUPLICATE_METHOD_MATCH = YES;
				COPY_PHASE_STRIP = NO;
				DEAD_CODE_STRIPPING = YES;
				DEBUG_INFORMATION_FORMAT = "dwarf-with-dsym";
				ENABLE_NS_ASSERTIONS = NO;
				ENABLE_STRICT_OBJC_MSGSEND = YES;
				GCC_C_LANGUAGE_STANDARD = gnu11;
				GCC_NO_COMMON_BLOCKS = YES;
				GCC_WARN_64_TO_32_BIT_CONVERSION = YES;
				GCC_WARN_ABOUT_RETURN_TYPE = YES_ERROR;
				GCC_WARN_UNDECLARED_SELECTOR = YES;
				GCC_WARN_UNINITIALIZED_AUTOS = YES_AGGRESSIVE;
				GCC_WARN_UNUSED_FUNCTION = YES;
				GCC_WARN_UNUSED_VARIABLE = YES;
				MTL_ENABLE_DEBUG_INFO = NO;
				PRODUCT_NAME = "$(TARGET_NAME)";
				VALIDATE_PRODUCT = YES;
			};
			name = Release;
		};
		1456B6F952FF14A970E2B6CE /* Debug */ = {
			isa = XCBuildConfiguration;
			buildSettings = {
				ALWAYS_SEARCH_USER_PATHS = NO;
				CLANG_ANALYZER_LOCALIZABILITY_NONLOCALIZED = YES;
				CLANG_ANALYZER_NONNULL = YES;
				CLANG_ANALYZER_NUMBER_OBJECT_CONVERSION = YES_AGGRESSIVE;
				CLANG_CXX_LANGUAGE_STANDARD = "gnu++14";
				CLANG_CXX_LIBRARY = "libc++";
				CLANG_ENABLE_MODULES = YES;
				CLANG_ENABLE_OBJC_ARC = YES;
				CLANG_ENABLE_OBJC_WEAK = YES;
				CLANG_WARN_BLOCK_CAPTURE_AUTORELEASING = YES;
				CLANG_WARN_BOOL_CONVERSION = YES;
				CLANG_WARN_COMMA = YES;
				CLANG_WARN_CONSTANT_CONVERSION = YES;
				CLANG_WARN_DEPRECATED_OBJC_IMPLEMENTATIONS = YES;
				CLANG_WARN_DIRECT_OBJC_ISA_USAGE = YES_ERROR;
				CLANG_WARN_DOCUMENTATION_COMMENTS = YES;
				CLANG_WARN_EMPTY_BODY = YES;
				CLANG_WARN_ENUM_CONVERSION = YES;
				CLANG_WARN_INFINITE_RECURSION = YES;
				CLANG_WARN_INT_CONVERSION = YES;
				CLANG_WARN_NON_LITERAL_NULL_CONVERSION = YES;
				CLANG_WARN_OBJC_IMPLICIT_RETAIN_SELF = YES;
				CLANG_WARN_OBJC_LITERAL_CONVERSION = YES;
				CLANG_WARN_OBJC_ROOT_CLASS = YES_ERROR;
				CLANG_WARN_QUOTED_INCLUDE_IN_FRAMEWORK_HEADER = YES;
				CLANG_WARN_RANGE_LOOP_ANALYSIS = YES;
				CLANG_WARN_STRICT_PROTOTYPES = YES;
				CLANG_WARN_SUSPICIOUS_MOVE = YES;
				CLANG_WARN_UNGUARDED_AVAILABILITY = YES_AGGRESSIVE;
				CLANG_WARN_UNREACHABLE_CODE = YES;
				CLANG_WARN__DUPLICATE_METHOD_MATCH = YES;
				COPY_PHASE_STRIP = NO;
				DEAD_CODE_STRIPPING = YES;
				DEBUG_INFORMATION_FORMAT = dwarf;
				ENABLE_STRICT_OBJC_MSGSEND = YES;
				ENABLE_TESTABILITY = YES;
				GCC_C_LANGUAGE_STANDARD = gnu11;
				GCC_DYNAMIC_NO_PIC = NO;
				GCC_NO_COMMON_BLOCKS = YES;
				GCC_OPTIMIZATION_LEVEL = 0;
				GCC_PREPROCESSOR_DEFINITIONS = (
					"DEBUG=1",
					"$(inherited)",
				);
				GCC_WARN_64_TO_32_BIT_CONVERSION = YES;
				GCC_WARN_ABOUT_RETURN_TYPE = YES_ERROR;
				GCC_WARN_UNDECLARED_SELECTOR = YES;
				GCC_WARN_UNINITIALIZED_AUTOS = YES_AGGRESSIVE;
				GCC_WARN_UNUSED_FUNCTION = YES;
				GCC_WARN_UNUSED_VARIABLE = YES;
				MTL_ENABLE_DEBUG_INFO = YES;
				ONLY_ACTIVE_ARCH = YES;
				PRODUCT_NAME = "$(TARGET_NAME)";
			};
			name = Debug;
		};
		7F85727BE9EB12D9362D63DB /* Debug */ = {
			isa = XCBuildConfiguration;
			buildSettings = {
				ASSETCATALOG_COMPILER_APPICON_NAME = AppIcon;
				ASSETCATALOG_COMPILER_GLOBAL_ACCENT_COLOR_NAME = AccentColor;
				CODE_SIGN_IDENTITY = "iPhone Developer";
				ENABLE_PREVIEWS = YES;
				HEADER_SEARCH_PATHS = (
					"$(inherited)",
					"$(SRCROOT)/Tuist/.build/checkouts/Engine/Sources/EngineCoreC/include",
				);
				INFOPLIST_FILE = "Derived/InfoPlists/TestEngineApp-Info.plist";
				IPHONEOS_DEPLOYMENT_TARGET = 16.0;
				LD_RUNPATH_SEARCH_PATHS = (
					"$(inherited)",
					"@executable_path/Frameworks",
				);
				OTHER_CFLAGS = (
					"$(inherited)",
					"-fmodule-map-file=$(SRCROOT)/Tuist/.build/tuist-derived/EngineCoreC/EngineCoreC.modulemap",
				);
				OTHER_LDFLAGS = (
					"$(inherited)",
					"-L$(DT_TOOLCHAIN_DIR)/usr/lib/swift/$(PLATFORM_NAME)",
				);
				OTHER_SWIFT_FLAGS = (
					"$(inherited)",
					"-Xcc",
					"-fmodule-map-file=$(SRCROOT)/Tuist/.build/tuist-derived/EngineCoreC/EngineCoreC.modulemap",
				);
				PRODUCT_BUNDLE_IDENTIFIER = qq.TestEngineApp;
				PRODUCT_NAME = TestEngineApp;
				SDKROOT = iphoneos;
				SUPPORTS_MACCATALYST = NO;
				SUPPORTS_MAC_DESIGNED_FOR_IPHONE_IPAD = YES;
				SUPPORTS_XR_DESIGNED_FOR_IPHONE_IPAD = NO;
				SWIFT_ACTIVE_COMPILATION_CONDITIONS = (
					"$(inherited)",
					DEBUG,
				);
				SWIFT_COMPILATION_MODE = singlefile;
				SWIFT_OPTIMIZATION_LEVEL = "-Onone";
				SWIFT_VERSION = 6;
				TARGETED_DEVICE_FAMILY = "1,2";
			};
			name = Debug;
		};
		D2409A5DEC06DB6A1425C739 /* Release */ = {
			isa = XCBuildConfiguration;
			buildSettings = {
				ASSETCATALOG_COMPILER_APPICON_NAME = AppIcon;
				ASSETCATALOG_COMPILER_GLOBAL_ACCENT_COLOR_NAME = AccentColor;
				CODE_SIGN_IDENTITY = "iPhone Developer";
				ENABLE_PREVIEWS = YES;
				HEADER_SEARCH_PATHS = (
					"$(inherited)",
					"$(SRCROOT)/Tuist/.build/checkouts/Engine/Sources/EngineCoreC/include",
				);
				INFOPLIST_FILE = "Derived/InfoPlists/TestEngineApp-Info.plist";
				IPHONEOS_DEPLOYMENT_TARGET = 16.0;
				LD_RUNPATH_SEARCH_PATHS = (
					"$(inherited)",
					"@executable_path/Frameworks",
				);
				OTHER_CFLAGS = (
					"$(inherited)",
					"-fmodule-map-file=$(SRCROOT)/Tuist/.build/tuist-derived/EngineCoreC/EngineCoreC.modulemap",
				);
				OTHER_LDFLAGS = (
					"$(inherited)",
					"-L$(DT_TOOLCHAIN_DIR)/usr/lib/swift/$(PLATFORM_NAME)",
				);
				OTHER_SWIFT_FLAGS = (
					"$(inherited)",
					"-Xcc",
					"-fmodule-map-file=$(SRCROOT)/Tuist/.build/tuist-derived/EngineCoreC/EngineCoreC.modulemap",
				);
				PRODUCT_BUNDLE_IDENTIFIER = qq.TestEngineApp;
				PRODUCT_NAME = TestEngineApp;
				SDKROOT = iphoneos;
				SUPPORTS_MACCATALYST = NO;
				SUPPORTS_MAC_DESIGNED_FOR_IPHONE_IPAD = YES;
				SUPPORTS_XR_DESIGNED_FOR_IPHONE_IPAD = NO;
				SWIFT_COMPILATION_MODE = wholemodule;
				SWIFT_OPTIMIZATION_LEVEL = "-O";
				SWIFT_VERSION = 6;
				TARGETED_DEVICE_FAMILY = "1,2";
			};
			name = Release;
		};
/* End XCBuildConfiguration section */

/* Begin XCConfigurationList section */
		7BF9DE4B69062A234BF641F3 /* Build configuration list for PBXProject "TestEngineApp" */ = {
			isa = XCConfigurationList;
			buildConfigurations = (
				1456B6F952FF14A970E2B6CE /* Debug */,
				11CDE000A3B354A91C72AC89 /* Release */,
			);
			defaultConfigurationIsVisible = 0;
			defaultConfigurationName = Release;
		};
		D3B4A803F630439BE6E94A2A /* Build configuration list for PBXNativeTarget "TestEngineApp" */ = {
			isa = XCConfigurationList;
			buildConfigurations = (
				7F85727BE9EB12D9362D63DB /* Debug */,
				D2409A5DEC06DB6A1425C739 /* Release */,
			);
			defaultConfigurationIsVisible = 0;
			defaultConfigurationName = Release;
		};
/* End XCConfigurationList section */
	};
	rootObject = A093CA94440408A69E8816C9 /* Project object */;
}
