{
  "originHash" : "c8fd3e60adc5af74baa716494beb8f0f583a648e17fdd740588013210154dc16",
  "pins" : [
    {
      "identity" : "engine",
      "kind" : "remoteSourceControl",
      "location" : "https://github.com/nathantannar4/Engine.git",
      "state" : {
        "revision" : "e163a3d987c3ded7aba643ef0c6ffb623ea09663",
        "version" : "2.6.3"
      }
    },
    {
      "identity" : "swift-syntax",
      "kind" : "remoteSourceControl",
      "location" : "https://github.com/swiftlang/swift-syntax",
      "state" : {
        "revision" : "4799286537280063c85a32f09884cfbca301b1a1",
        "version" : "602.0.0"
      }
    },
    {
      "identity" : "transmission",
      "kind" : "remoteSourceControl",
      "location" : "https://github.com/nathantannar4/Transmission",
      "state" : {
        "revision" : "ca85f9edef5b3bdd5a05aaebffa8b84b5bbe5c2b",
        "version" : "2.8.2"
      }
    }
  ],
  "version" : 3
}
